
Microsoft Visual Studio Solution File, Format Version 12.00
# Visual Studio 15
VisualStudioVersion = 15.0.28307.329
MinimumVisualStudioVersion = 10.0.40219.1
Project("{FAE04EC0-301F-11D3-BF4B-00C04F79EFBC}") = "SalesWebMvc", "SalesWebMvc\SalesWebMvc.csproj", "{DB3188A6-21CA-4FE1-A13D-A1B5417CCB70}"
EndProject
Global
	GlobalSection(SolutionConfigurationPlatforms) = preSolution
		Debug|Any CPU = Debug|Any CPU
		Release|Any CPU = Release|Any CPU
	EndGlobalSection
	GlobalSection(ProjectConfigurationPlatforms) = postSolution
		{DB3188A6-21CA-4FE1-A13D-A1B5417CCB70}.Debug|Any CPU.ActiveCfg = Debug|Any CPU
		{DB3188A6-21CA-4FE1-A13D-A1B5417CCB70}.Debug|Any CPU.Build.0 = Debug|Any CPU
		{DB3188A6-21CA-4FE1-A13D-A1B5417CCB70}.Release|Any CPU.ActiveCfg = Release|Any CPU
		{DB3188A6-21CA-4FE1-A13D-A1B5417CCB70}.Release|Any CPU.Build.0 = Release|Any CPU
	EndGlobalSection
	GlobalSection(SolutionProperties) = preSolution
		HideSolutionNode = FALSE
	EndGlobalSection
	GlobalSection(ExtensibilityGlobals) = postSolution
		SolutionGuid = {860A0077-BD5C-4825-A5BE-E6CE721351CA}
	EndGlobalSection
EndGlobal
